
Microsoft Visual Studio Solution File, Format Version 12.00
# Visual Studio Version 16
VisualStudioVersion = 16.0.28803.452
MinimumVisualStudioVersion = 10.0.40219.1
Project("{FAE04EC0-301F-11D3-BF4B-00C04F79EFBC}") = "WebApi", "WebApi\WebApi.csproj", "{677C0D88-E26D-44DE-83CA-36A293C10349}"
EndProject
Project("{FAE04EC0-301F-11D3-BF4B-00C04F79EFBC}") = "WebApi.BusinessLayer", "WebApi.BusinessLayer\WebApi.BusinessLayer.csproj", "{03A96AB0-48C4-4EEB-AA26-3F73A4787590}"
EndProject
Project("{FAE04EC0-301F-11D3-BF4B-00C04F79EFBC}") = "WebApi.DataAccessLayer", "WebApi.DataAccessLayer\WebApi.DataAccessLayer.csproj", "{EBE0B55A-5BFD-40EC-8178-BB5BB9E3A5B7}"
EndProject
Project("{FAE04EC0-301F-11D3-BF4B-00C04F79EFBC}") = "WebApi.IntegrationTest", "WebApi.IntegrationTest\WebApi.IntegrationTest.csproj", "{F5BAC105-85E4-4AFD-A4FB-F6C322A9B9BA}"
EndProject
Project("{FAE04EC0-301F-11D3-BF4B-00C04F79EFBC}") = "WebApi.UnitTest", "WebApi.UnitTest\WebApi.UnitTest.csproj", "{7569A153-E781-482E-8545-1B739B0218E5}"
EndProject
Global
	GlobalSection(SolutionConfigurationPlatforms) = preSolution
		Debug|Any CPU = Debug|Any CPU
		Release|Any CPU = Release|Any CPU
	EndGlobalSection
	GlobalSection(ProjectConfigurationPlatforms) = postSolution
		{677C0D88-E26D-44DE-83CA-36A293C10349}.Debug|Any CPU.ActiveCfg = Debug|Any CPU
		{677C0D88-E26D-44DE-83CA-36A293C10349}.Debug|Any CPU.Build.0 = Debug|Any CPU
		{677C0D88-E26D-44DE-83CA-36A293C10349}.Release|Any CPU.ActiveCfg = Release|Any CPU
		{677C0D88-E26D-44DE-83CA-36A293C10349}.Release|Any CPU.Build.0 = Release|Any CPU
		{03A96AB0-48C4-4EEB-AA26-3F73A4787590}.Debug|Any CPU.ActiveCfg = Debug|Any CPU
		{03A96AB0-48C4-4EEB-AA26-3F73A4787590}.Debug|Any CPU.Build.0 = Debug|Any CPU
		{03A96AB0-48C4-4EEB-AA26-3F73A4787590}.Release|Any CPU.ActiveCfg = Release|Any CPU
		{03A96AB0-48C4-4EEB-AA26-3F73A4787590}.Release|Any CPU.Build.0 = Release|Any CPU
		{EBE0B55A-5BFD-40EC-8178-BB5BB9E3A5B7}.Debug|Any CPU.ActiveCfg = Debug|Any CPU
		{EBE0B55A-5BFD-40EC-8178-BB5BB9E3A5B7}.Debug|Any CPU.Build.0 = Debug|Any CPU
		{EBE0B55A-5BFD-40EC-8178-BB5BB9E3A5B7}.Release|Any CPU.ActiveCfg = Release|Any CPU
		{EBE0B55A-5BFD-40EC-8178-BB5BB9E3A5B7}.Release|Any CPU.Build.0 = Release|Any CPU
		{F5BAC105-85E4-4AFD-A4FB-F6C322A9B9BA}.Debug|Any CPU.ActiveCfg = Debug|Any CPU
		{F5BAC105-85E4-4AFD-A4FB-F6C322A9B9BA}.Debug|Any CPU.Build.0 = Debug|Any CPU
		{F5BAC105-85E4-4AFD-A4FB-F6C322A9B9BA}.Release|Any CPU.ActiveCfg = Release|Any CPU
		{F5BAC105-85E4-4AFD-A4FB-F6C322A9B9BA}.Release|Any CPU.Build.0 = Release|Any CPU
		{7569A153-E781-482E-8545-1B739B0218E5}.Debug|Any CPU.ActiveCfg = Debug|Any CPU
		{7569A153-E781-482E-8545-1B739B0218E5}.Debug|Any CPU.Build.0 = Debug|Any CPU
		{7569A153-E781-482E-8545-1B739B0218E5}.Release|Any CPU.ActiveCfg = Release|Any CPU
		{7569A153-E781-482E-8545-1B739B0218E5}.Release|Any CPU.Build.0 = Release|Any CPU
	EndGlobalSection
	GlobalSection(SolutionProperties) = preSolution
		HideSolutionNode = FALSE
	EndGlobalSection
	GlobalSection(ExtensibilityGlobals) = postSolution
		SolutionGuid = {0FE63751-922A-4015-AD82-BBE4D71EF730}
	EndGlobalSection
EndGlobal
